
Microsoft Visual Studio Solution File, Format Version 12.00
# Visual Studio Version 17
VisualStudioVersion = 17.11.35431.28
MinimumVisualStudioVersion = 10.0.40219.1
Project("{FAE04EC0-301F-11D3-BF4B-00C04F79EFBC}") = "PubsDetailedViewAndGridView", "PubsDetailedViewAndGridView\PubsDetailedViewAndGridView.csproj", "{93F9C40F-D38F-4482-B0F2-66B57522064D}"
EndProject
Global
	GlobalSection(SolutionConfigurationPlatforms) = preSolution
		Debug|Any CPU = Debug|Any CPU
		Release|Any CPU = Release|Any CPU
	EndGlobalSection
	GlobalSection(ProjectConfigurationPlatforms) = postSolution
		{93F9C40F-D38F-4482-B0F2-66B57522064D}.Debug|Any CPU.ActiveCfg = Debug|Any CPU
		{93F9C40F-D38F-4482-B0F2-66B57522064D}.Debug|Any CPU.Build.0 = Debug|Any CPU
		{93F9C40F-D38F-4482-B0F2-66B57522064D}.Release|Any CPU.ActiveCfg = Release|Any CPU
		{93F9C40F-D38F-4482-B0F2-66B57522064D}.Release|Any CPU.Build.0 = Release|Any CPU
	EndGlobalSection
	GlobalSection(SolutionProperties) = preSolution
		HideSolutionNode = FALSE
	EndGlobalSection
	GlobalSection(ExtensibilityGlobals) = postSolution
		SolutionGuid = {59336928-EBC9-4598-83B7-68B98FFFE874}
	EndGlobalSection
EndGlobal
